
Microsoft Visual Studio Solution File, Format Version 12.00
# Visual Studio Version 17
VisualStudioVersion = 17.14.36327.8 d17.14
MinimumVisualStudioVersion = 10.0.40219.1
Project("{FAE04EC0-301F-11D3-BF4B-00C04F79EFBC}") = "WingtipToys", "WingtipToys.csproj", "{1B9BD62D-3427-455F-8F78-972470448A4C}"
EndProject
Project("{FAE04EC0-301F-11D3-BF4B-00C04F79EFBC}") = "WingtipToys.Tests", "..\WingtipToys.Tests\WingtipToys.Tests.csproj", "{AA8EEA42-946D-4C2D-9A0B-BBC04AB2A9B0}"
EndProject
Global
	GlobalSection(SolutionConfigurationPlatforms) = preSolution
		Debug|Any CPU = Debug|Any CPU
		Release|Any CPU = Release|Any CPU
	EndGlobalSection
	GlobalSection(ProjectConfigurationPlatforms) = postSolution
		{1B9BD62D-3427-455F-8F78-972470448A4C}.Debug|Any CPU.ActiveCfg = Debug|Any CPU
		{1B9BD62D-3427-455F-8F78-972470448A4C}.Debug|Any CPU.Build.0 = Debug|Any CPU
		{1B9BD62D-3427-455F-8F78-972470448A4C}.Release|Any CPU.ActiveCfg = Release|Any CPU
		{1B9BD62D-3427-455F-8F78-972470448A4C}.Release|Any CPU.Build.0 = Release|Any CPU
		{AA8EEA42-946D-4C2D-9A0B-BBC04AB2A9B0}.Debug|Any CPU.ActiveCfg = Debug|Any CPU
		{AA8EEA42-946D-4C2D-9A0B-BBC04AB2A9B0}.Debug|Any CPU.Build.0 = Debug|Any CPU
		{AA8EEA42-946D-4C2D-9A0B-BBC04AB2A9B0}.Release|Any CPU.ActiveCfg = Release|Any CPU
		{AA8EEA42-946D-4C2D-9A0B-BBC04AB2A9B0}.Release|Any CPU.Build.0 = Release|Any CPU
	EndGlobalSection
	GlobalSection(SolutionProperties) = preSolution
		HideSolutionNode = FALSE
	EndGlobalSection
	GlobalSection(ExtensibilityGlobals) = postSolution
		SolutionGuid = {74D6535C-DD19-4560-99C4-7D0C3F436DED}
	EndGlobalSection
EndGlobal
